
Microsoft Visual Studio Solution File, Format Version 12.00
# Visual Studio Version 17
VisualStudioVersion = 17.0.31903.59
MinimumVisualStudioVersion = 10.0.40219.1
Project("{FAE04EC0-301F-11D3-BF4B-00C04F79EFBC}") = "DotReact.Application", "DotReact.Application\DotReact.Application.csproj", "{82F5AB39-9E9C-4D1C-A111-06913C2E5B81}"
EndProject
Project("{FAE04EC0-301F-11D3-BF4B-00C04F79EFBC}") = "DotReact.Domain", "DotReact.Domain\DotReact.Domain.csproj", "{5B011E09-046C-4AD0-92C7-D767B49D6024}"
EndProject
Project("{FAE04EC0-301F-11D3-BF4B-00C04F79EFBC}") = "DotReact.Infrastructure", "DotReact.Infrastructure\DotReact.Infrastructure.csproj", "{B245B6CA-B945-4F0F-AC26-94DFB1630540}"
EndProject
Project("{FAE04EC0-301F-11D3-BF4B-00C04F79EFBC}") = "DotReact.WebAPI", "DotReact.WebAPI\DotReact.WebAPI.csproj", "{6AF3277B-1118-4BCF-B79A-F3A8A07BD067}"
EndProject
Global
	GlobalSection(SolutionConfigurationPlatforms) = preSolution
		Debug|Any CPU = Debug|Any CPU
		Release|Any CPU = Release|Any CPU
	EndGlobalSection
	GlobalSection(ProjectConfigurationPlatforms) = postSolution
		{82F5AB39-9E9C-4D1C-A111-06913C2E5B81}.Debug|Any CPU.ActiveCfg = Debug|Any CPU
		{82F5AB39-9E9C-4D1C-A111-06913C2E5B81}.Debug|Any CPU.Build.0 = Debug|Any CPU
		{82F5AB39-9E9C-4D1C-A111-06913C2E5B81}.Release|Any CPU.ActiveCfg = Release|Any CPU
		{82F5AB39-9E9C-4D1C-A111-06913C2E5B81}.Release|Any CPU.Build.0 = Release|Any CPU
		{5B011E09-046C-4AD0-92C7-D767B49D6024}.Debug|Any CPU.ActiveCfg = Debug|Any CPU
		{5B011E09-046C-4AD0-92C7-D767B49D6024}.Debug|Any CPU.Build.0 = Debug|Any CPU
		{5B011E09-046C-4AD0-92C7-D767B49D6024}.Release|Any CPU.ActiveCfg = Release|Any CPU
		{5B011E09-046C-4AD0-92C7-D767B49D6024}.Release|Any CPU.Build.0 = Release|Any CPU
		{B245B6CA-B945-4F0F-AC26-94DFB1630540}.Debug|Any CPU.ActiveCfg = Debug|Any CPU
		{B245B6CA-B945-4F0F-AC26-94DFB1630540}.Debug|Any CPU.Build.0 = Debug|Any CPU
		{B245B6CA-B945-4F0F-AC26-94DFB1630540}.Release|Any CPU.ActiveCfg = Release|Any CPU
		{B245B6CA-B945-4F0F-AC26-94DFB1630540}.Release|Any CPU.Build.0 = Release|Any CPU
		{6AF3277B-1118-4BCF-B79A-F3A8A07BD067}.Debug|Any CPU.ActiveCfg = Debug|Any CPU
		{6AF3277B-1118-4BCF-B79A-F3A8A07BD067}.Debug|Any CPU.Build.0 = Debug|Any CPU
		{6AF3277B-1118-4BCF-B79A-F3A8A07BD067}.Release|Any CPU.ActiveCfg = Release|Any CPU
		{6AF3277B-1118-4BCF-B79A-F3A8A07BD067}.Release|Any CPU.Build.0 = Release|Any CPU
	EndGlobalSection
	GlobalSection(SolutionProperties) = preSolution
		HideSolutionNode = FALSE
	EndGlobalSection
EndGlobal
